
Microsoft Visual Studio Solution File, Format Version 12.00
# Visual Studio 15
VisualStudioVersion = 15.0.28307.168
MinimumVisualStudioVersion = 10.0.40219.1
Project("{FAE04EC0-301F-11D3-BF4B-00C04F79EFBC}") = "DotNetCoreEverywhere_2", "DotNetCoreEverywhere_2\DotNetCoreEverywhere_2.csproj", "{EC739B3C-194E-44E5-98DF-F78F35BDA61D}"
EndProject
Global
	GlobalSection(SolutionConfigurationPlatforms) = preSolution
		Debug|Any CPU = Debug|Any CPU
		Release|Any CPU = Release|Any CPU
	EndGlobalSection
	GlobalSection(ProjectConfigurationPlatforms) = postSolution
		{EC739B3C-194E-44E5-98DF-F78F35BDA61D}.Debug|Any CPU.ActiveCfg = Debug|Any CPU
		{EC739B3C-194E-44E5-98DF-F78F35BDA61D}.Debug|Any CPU.Build.0 = Debug|Any CPU
		{EC739B3C-194E-44E5-98DF-F78F35BDA61D}.Release|Any CPU.ActiveCfg = Release|Any CPU
		{EC739B3C-194E-44E5-98DF-F78F35BDA61D}.Release|Any CPU.Build.0 = Release|Any CPU
	EndGlobalSection
	GlobalSection(SolutionProperties) = preSolution
		HideSolutionNode = FALSE
	EndGlobalSection
	GlobalSection(ExtensibilityGlobals) = postSolution
		SolutionGuid = {46AD378E-7124-49B1-96EE-AF317243C78C}
	EndGlobalSection
EndGlobal
